// !$*UTF8*$!
{
	archiveVersion = 1;
	classes = {
	};
	objectVersion = 46;
	objects = {

/* Begin PBXBuildFile section */
		47DFF4BD1D711A6800F13696 /* main.m in Sources */ = {isa = PBXBuildFile; fileRef = 47DFF4BC1D711A6800F13696 /* main.m */; };
		47DFF4C01D711A6800F13696 /* AppDelegate.m in Sources */ = {isa = PBXBuildFile; fileRef = 47DFF4BF1D711A6800F13696 /* AppDelegate.m */; };
		47DFF4C31D711A6800F13696 /* ViewController.m in Sources */ = {isa = PBXBuildFile; fileRef = 47DFF4C21D711A6800F13696 /* ViewController.m */; };
		47DFF4C61D711A6800F13696 /* Main.storyboard in Resources */ = {isa = PBXBuildFile; fileRef = 47DFF4C41D711A6800F13696 /* Main.storyboard */; };
		47DFF4C81D711A6800F13696 /* Assets.xcassets in Resources */ = {isa = PBXBuildFile; fileRef = 47DFF4C71D711A6800F13696 /* Assets.xcassets */; };
		47DFF4CB1D711A6800F13696 /* LaunchScreen.storyboard in Resources */ = {isa = PBXBuildFile; fileRef = 47DFF4C91D711A6800F13696 /* LaunchScreen.storyboard */; };
		47DFF4D61D711ABF00F13696 /* HSTableView.m in Sources */ = {isa = PBXBuildFile; fileRef = 47DFF4D31D711ABF00F13696 /* HSTableView.m */; };
		47DFF4D71D711ABF00F13696 /* HSTableViewCell.m in Sources */ = {isa = PBXBuildFile; fileRef = 47DFF4D51D711ABF00F13696 /* HSTableViewCell.m */; };
/* End PBXBuildFile section */

/* Begin PBXFileReference section */
		47DFF4B81D711A6800F13696 /* LmCustomClasses.app */ = {isa = PBXFileReference; explicitFileType = wrapper.application; includeInIndex = 0; path = LmCustomClasses.app; sourceTree = BUILT_PRODUCTS_DIR; };
		47DFF4BC1D711A6800F13696 /* main.m */ = {isa = PBXFileReference; lastKnownFileType = sourcecode.c.objc; path = main.m; sourceTree = "<group>"; };
		47DFF4BE1D711A6800F13696 /* AppDelegate.h */ = {isa = PBXFileReference; lastKnownFileType = sourcecode.c.h; path = AppDelegate.h; sourceTree = "<group>"; };
		47DFF4BF1D711A6800F13696 /* AppDelegate.m */ = {isa = PBXFileReference; lastKnownFileType = sourcecode.c.objc; path = AppDelegate.m; sourceTree = "<group>"; };
		47DFF4C11D711A6800F13696 /* ViewController.h */ = {isa = PBXFileReference; lastKnownFileType = sourcecode.c.h; path = ViewController.h; sourceTree = "<group>"; };
		47DFF4C21D711A6800F13696 /* ViewController.m */ = {isa = PBXFileReference; lastKnownFileType = sourcecode.c.objc; path = ViewController.m; sourceTree = "<group>"; };
		47DFF4C51D711A6800F13696 /* Base */ = {isa = PBXFileReference; lastKnownFileType = file.storyboard; name = Base; path = Base.lproj/Main.storyboard; sourceTree = "<group>"; };
		47DFF4C71D711A6800F13696 /* Assets.xcassets */ = {isa = PBXFileReference; lastKnownFileType = folder.assetcatalog; path = Assets.xcassets; sourceTree = "<group>"; };
		47DFF4CA1D711A6800F13696 /* Base */ = {isa = PBXFileReference; lastKnownFileType = file.storyboard; name = Base; path = Base.lproj/LaunchScreen.storyboard; sourceTree = "<group>"; };
		47DFF4CC1D711A6800F13696 /* Info.plist */ = {isa = PBXFileReference; lastKnownFileType = text.plist.xml; path = Info.plist; sourceTree = "<group>"; };
		47DFF4D21D711ABF00F13696 /* HSTableView.h */ = {isa = PBXFileReference; fileEncoding = 4; lastKnownFileType = sourcecode.c.h; path = HSTableView.h; sourceTree = "<group>"; };
		47DFF4D31D711ABF00F13696 /* HSTableView.m */ = {isa = PBXFileReference; fileEncoding = 4; lastKnownFileType = sourcecode.c.objc; path = HSTableView.m; sourceTree = "<group>"; };
		47DFF4D41D711ABF00F13696 /* HSTableViewCell.h */ = {isa = PBXFileReference; fileEncoding = 4; lastKnownFileType = sourcecode.c.h; path = HSTableViewCell.h; sourceTree = "<group>"; };
		47DFF4D51D711ABF00F13696 /* HSTableViewCell.m */ = {isa = PBXFileReference; fileEncoding = 4; lastKnownFileType = sourcecode.c.objc; path = HSTableViewCell.m; sourceTree = "<group>"; };
		47DFF4DB1D711D2B00F13696 /* Macro.pch */ = {isa = PBXFileReference; lastKnownFileType = sourcecode.c.h; path = Macro.pch; sourceTree = "<group>"; };
/* End PBXFileReference section */

/* Begin PBXFrameworksBuildPhase section */
		47DFF4B51D711A6800F13696 /* Frameworks */ = {
			isa = PBXFrameworksBuildPhase;
			buildActionMask = 2147483647;
			files = (
			);
			runOnlyForDeploymentPostprocessing = 0;
		};
/* End PBXFrameworksBuildPhase section */

/* Begin PBXGroup section */
		47DFF4AF1D711A6800F13696 = {
			isa = PBXGroup;
			children = (
				47DFF4BA1D711A6800F13696 /* LmCustomClasses */,
				47DFF4B91D711A6800F13696 /* Products */,
			);
			sourceTree = "<group>";
		};
		47DFF4B91D711A6800F13696 /* Products */ = {
			isa = PBXGroup;
			children = (
				47DFF4B81D711A6800F13696 /* LmCustomClasses.app */,
			);
			name = Products;
			sourceTree = "<group>";
		};
		47DFF4BA1D711A6800F13696 /* LmCustomClasses */ = {
			isa = PBXGroup;
			children = (
				47DFF4DC1D711D3600F13696 /* PrefixHeader */,
				47DFF4D81D711AD200F13696 /* HorizontalScrollTableView */,
				47DFF4BE1D711A6800F13696 /* AppDelegate.h */,
				47DFF4BF1D711A6800F13696 /* AppDelegate.m */,
				47DFF4C11D711A6800F13696 /* ViewController.h */,
				47DFF4C21D711A6800F13696 /* ViewController.m */,
				47DFF4C41D711A6800F13696 /* Main.storyboard */,
				47DFF4C71D711A6800F13696 /* Assets.xcassets */,
				47DFF4C91D711A6800F13696 /* LaunchScreen.storyboard */,
				47DFF4CC1D711A6800F13696 /* Info.plist */,
				47DFF4BB1D711A6800F13696 /* Supporting Files */,
			);
			path = LmCustomClasses;
			sourceTree = "<group>";
		};
		47DFF4BB1D711A6800F13696 /* Supporting Files */ = {
			isa = PBXGroup;
			children = (
				47DFF4BC1D711A6800F13696 /* main.m */,
			);
			name = "Supporting Files";
			sourceTree = "<group>";
		};
		47DFF4D81D711AD200F13696 /* HorizontalScrollTableView */ = {
			isa = PBXGroup;
			children = (
				47DFF4D21D711ABF00F13696 /* HSTableView.h */,
				47DFF4D31D711ABF00F13696 /* HSTableView.m */,
				47DFF4D41D711ABF00F13696 /* HSTableViewCell.h */,
				47DFF4D51D711ABF00F13696 /* HSTableViewCell.m */,
			);
			name = HorizontalScrollTableView;
			sourceTree = "<group>";
		};
		47DFF4DC1D711D3600F13696 /* PrefixHeader */ = {
			isa = PBXGroup;
			children = (
				47DFF4DB1D711D2B00F13696 /* Macro.pch */,
			);
			name = PrefixHeader;
			sourceTree = "<group>";
		};
/* End PBXGroup section */

/* Begin PBXNativeTarget section */
		47DFF4B71D711A6800F13696 /* LmCustomClasses */ = {
			isa = PBXNativeTarget;
			buildConfigurationList = 47DFF4CF1D711A6800F13696 /* Build configuration list for PBXNativeTarget "LmCustomClasses" */;
			buildPhases = (
				47DFF4B41D711A6800F13696 /* Sources */,
				47DFF4B51D711A6800F13696 /* Frameworks */,
				47DFF4B61D711A6800F13696 /* Resources */,
			);
			buildRules = (
			);
			dependencies = (
			);
			name = LmCustomClasses;
			productName = LmCustomClasses;
			productReference = 47DFF4B81D711A6800F13696 /* LmCustomClasses.app */;
			productType = "com.apple.product-type.application";
		};
/* End PBXNativeTarget section */

/* Begin PBXProject section */
		47DFF4B01D711A6800F13696 /* Project object */ = {
			isa = PBXProject;
			attributes = {
				LastUpgradeCheck = 0730;
				ORGANIZATIONNAME = "刘明";
				TargetAttributes = {
					47DFF4B71D711A6800F13696 = {
						CreatedOnToolsVersion = 7.3.1;
					};
				};
			};
			buildConfigurationList = 47DFF4B31D711A6800F13696 /* Build configuration list for PBXProject "LmCustomClasses" */;
			compatibilityVersion = "Xcode 3.2";
			developmentRegion = English;
			hasScannedForEncodings = 0;
			knownRegions = (
				en,
				Base,
			);
			mainGroup = 47DFF4AF1D711A6800F13696;
			productRefGroup = 47DFF4B91D711A6800F13696 /* Products */;
			projectDirPath = "";
			projectRoot = "";
			targets = (
				47DFF4B71D711A6800F13696 /* LmCustomClasses */,
			);
		};
/* End PBXProject section */

/* Begin PBXResourcesBuildPhase section */
		47DFF4B61D711A6800F13696 /* Resources */ = {
			isa = PBXResourcesBuildPhase;
			buildActionMask = 2147483647;
			files = (
				47DFF4CB1D711A6800F13696 /* LaunchScreen.storyboard in Resources */,
				47DFF4C81D711A6800F13696 /* Assets.xcassets in Resources */,
				47DFF4C61D711A6800F13696 /* Main.storyboard in Resources */,
			);
			runOnlyForDeploymentPostprocessing = 0;
		};
/* End PBXResourcesBuildPhase section */

/* Begin PBXSourcesBuildPhase section */
		47DFF4B41D711A6800F13696 /* Sources */ = {
			isa = PBXSourcesBuildPhase;
			buildActionMask = 2147483647;
			files = (
				47DFF4C31D711A6800F13696 /* ViewController.m in Sources */,
				47DFF4D71D711ABF00F13696 /* HSTableViewCell.m in Sources */,
				47DFF4C01D711A6800F13696 /* AppDelegate.m in Sources */,
				47DFF4D61D711ABF00F13696 /* HSTableView.m in Sources */,
				47DFF4BD1D711A6800F13696 /* main.m in Sources */,
			);
			runOnlyForDeploymentPostprocessing = 0;
		};
/* End PBXSourcesBuildPhase section */

/* Begin PBXVariantGroup section */
		47DFF4C41D711A6800F13696 /* Main.storyboard */ = {
			isa = PBXVariantGroup;
			children = (
				47DFF4C51D711A6800F13696 /* Base */,
			);
			name = Main.storyboard;
			sourceTree = "<group>";
		};
		47DFF4C91D711A6800F13696 /* LaunchScreen.storyboard */ = {
			isa = PBXVariantGroup;
			children = (
				47DFF4CA1D711A6800F13696 /* Base */,
			);
			name = LaunchScreen.storyboard;
			sourceTree = "<group>";
		};
/* End PBXVariantGroup section */

/* Begin XCBuildConfiguration section */
		47DFF4CD1D711A6800F13696 /* Debug */ = {
			isa = XCBuildConfiguration;
			buildSettings = {
				ALWAYS_SEARCH_USER_PATHS = NO;
				CLANG_ANALYZER_NONNULL = YES;
				CLANG_CXX_LANGUAGE_STANDARD = "gnu++0x";
				CLANG_CXX_LIBRARY = "libc++";
				CLANG_ENABLE_MODULES = YES;
				CLANG_ENABLE_OBJC_ARC = YES;
				CLANG_WARN_BOOL_CONVERSION = YES;
				CLANG_WARN_CONSTANT_CONVERSION = YES;
				CLANG_WARN_DIRECT_OBJC_ISA_USAGE = YES_ERROR;
				CLANG_WARN_EMPTY_BODY = YES;
				CLANG_WARN_ENUM_CONVERSION = YES;
				CLANG_WARN_INT_CONVERSION = YES;
				CLANG_WARN_OBJC_ROOT_CLASS = YES_ERROR;
				CLANG_WARN_UNREACHABLE_CODE = YES;
				CLANG_WARN__DUPLICATE_METHOD_MATCH = YES;
				"CODE_SIGN_IDENTITY[sdk=iphoneos*]" = "iPhone Developer";
				COPY_PHASE_STRIP = NO;
				DEBUG_INFORMATION_FORMAT = dwarf;
				ENABLE_STRICT_OBJC_MSGSEND = YES;
				ENABLE_TESTABILITY = YES;
				GCC_C_LANGUAGE_STANDARD = gnu99;
				GCC_DYNAMIC_NO_PIC = NO;
				GCC_NO_COMMON_BLOCKS = YES;
				GCC_OPTIMIZATION_LEVEL = 0;
				GCC_PREPROCESSOR_DEFINITIONS = (
					"DEBUG=1",
					"$(inherited)",
				);
				GCC_WARN_64_TO_32_BIT_CONVERSION = YES;
				GCC_WARN_ABOUT_RETURN_TYPE = YES_ERROR;
				GCC_WARN_UNDECLARED_SELECTOR = YES;
				GCC_WARN_UNINITIALIZED_AUTOS = YES_AGGRESSIVE;
				GCC_WARN_UNUSED_FUNCTION = YES;
				GCC_WARN_UNUSED_VARIABLE = YES;
				IPHONEOS_DEPLOYMENT_TARGET = 9.3;
				MTL_ENABLE_DEBUG_INFO = YES;
				ONLY_ACTIVE_ARCH = YES;
				SDKROOT = iphoneos;
				TARGETED_DEVICE_FAMILY = "1,2";
			};
			name = Debug;
		};
		47DFF4CE1D711A6800F13696 /* Release */ = {
			isa = XCBuildConfiguration;
			buildSettings = {
				ALWAYS_SEARCH_USER_PATHS = NO;
				CLANG_ANALYZER_NONNULL = YES;
				CLANG_CXX_LANGUAGE_STANDARD = "gnu++0x";
				CLANG_CXX_LIBRARY = "libc++";
				CLANG_ENABLE_MODULES = YES;
				CLANG_ENABLE_OBJC_ARC = YES;
				CLANG_WARN_BOOL_CONVERSION = YES;
				CLANG_WARN_CONSTANT_CONVERSION = YES;
				CLANG_WARN_DIRECT_OBJC_ISA_USAGE = YES_ERROR;
				CLANG_WARN_EMPTY_BODY = YES;
				CLANG_WARN_ENUM_CONVERSION = YES;
				CLANG_WARN_INT_CONVERSION = YES;
				CLANG_WARN_OBJC_ROOT_CLASS = YES_ERROR;
				CLANG_WARN_UNREACHABLE_CODE = YES;
				CLANG_WARN__DUPLICATE_METHOD_MATCH = YES;
				"CODE_SIGN_IDENTITY[sdk=iphoneos*]" = "iPhone Developer";
				COPY_PHASE_STRIP = NO;
				DEBUG_INFORMATION_FORMAT = "dwarf-with-dsym";
				ENABLE_NS_ASSERTIONS = NO;
				ENABLE_STRICT_OBJC_MSGSEND = YES;
				GCC_C_LANGUAGE_STANDARD = gnu99;
				GCC_NO_COMMON_BLOCKS = YES;
				GCC_WARN_64_TO_32_BIT_CONVERSION = YES;
				GCC_WARN_ABOUT_RETURN_TYPE = YES_ERROR;
				GCC_WARN_UNDECLARED_SELECTOR = YES;
				GCC_WARN_UNINITIALIZED_AUTOS = YES_AGGRESSIVE;
				GCC_WARN_UNUSED_FUNCTION = YES;
				GCC_WARN_UNUSED_VARIABLE = YES;
				IPHONEOS_DEPLOYMENT_TARGET = 9.3;
				MTL_ENABLE_DEBUG_INFO = NO;
				SDKROOT = iphoneos;
				TARGETED_DEVICE_FAMILY = "1,2";
				VALIDATE_PRODUCT = YES;
			};
			name = Release;
		};
		47DFF4D01D711A6800F13696 /* Debug */ = {
			isa = XCBuildConfiguration;
			buildSettings = {
				ASSETCATALOG_COMPILER_APPICON_NAME = AppIcon;
				GCC_PRECOMPILE_PREFIX_HEADER = YES;
				GCC_PREFIX_HEADER = "/Users/liuming/Documents/编程/LmCustomClasses/LmCustomClasses/Macro.pch";
				INFOPLIST_FILE = LmCustomClasses/Info.plist;
				LD_RUNPATH_SEARCH_PATHS = "$(inherited) @executable_path/Frameworks";
				PRODUCT_BUNDLE_IDENTIFIER = com.lm.LmCustomClasses;
				PRODUCT_NAME = "$(TARGET_NAME)";
			};
			name = Debug;
		};
		47DFF4D11D711A6800F13696 /* Release */ = {
			isa = XCBuildConfiguration;
			buildSettings = {
				ASSETCATALOG_COMPILER_APPICON_NAME = AppIcon;
				GCC_PRECOMPILE_PREFIX_HEADER = YES;
				GCC_PREFIX_HEADER = "/Users/liuming/Documents/编程/LmCustomClasses/LmCustomClasses/Macro.pch";
				INFOPLIST_FILE = LmCustomClasses/Info.plist;
				LD_RUNPATH_SEARCH_PATHS = "$(inherited) @executable_path/Frameworks";
				PRODUCT_BUNDLE_IDENTIFIER = com.lm.LmCustomClasses;
				PRODUCT_NAME = "$(TARGET_NAME)";
			};
			name = Release;
		};
/* End XCBuildConfiguration section */

/* Begin XCConfigurationList section */
		47DFF4B31D711A6800F13696 /* Build configuration list for PBXProject "LmCustomClasses" */ = {
			isa = XCConfigurationList;
			buildConfigurations = (
				47DFF4CD1D711A6800F13696 /* Debug */,
				47DFF4CE1D711A6800F13696 /* Release */,
			);
			defaultConfigurationIsVisible = 0;
			defaultConfigurationName = Release;
		};
		47DFF4CF1D711A6800F13696 /* Build configuration list for PBXNativeTarget "LmCustomClasses" */ = {
			isa = XCConfigurationList;
			buildConfigurations = (
				47DFF4D01D711A6800F13696 /* Debug */,
				47DFF4D11D711A6800F13696 /* Release */,
			);
			defaultConfigurationIsVisible = 0;
			defaultConfigurationName = Release;
		};
/* End XCConfigurationList section */
	};
	rootObject = 47DFF4B01D711A6800F13696 /* Project object */;
}
